
Microsoft Visual Studio Solution File, Format Version 12.00
# Visual Studio Version 16
VisualStudioVersion = 16.0.29215.179
MinimumVisualStudioVersion = 15.0.26124.0
Project("{2150E333-8FDC-42A3-9474-1A3956D46DE8}") = "Services", "Services", "{2588983B-C02E-4CBF-82B9-B3CFB03F42CE}"
EndProject
Project("{9A19103F-16F7-4668-BE54-9A1E7A4F7556}") = "UserService", "Services\UserService\UserService.csproj", "{0399B991-5582-4614-8E0C-3ADF54CC6CBD}"
EndProject
Project("{9A19103F-16F7-4668-BE54-9A1E7A4F7556}") = "OrderService", "Services\OrderService\OrderService.csproj", "{DC0936BE-ABDB-46B7-9A43-FC6B78846184}"
EndProject
Project("{9A19103F-16F7-4668-BE54-9A1E7A4F7556}") = "ConfigConsole", "Services\ConfigConsole\ConfigConsole.csproj", "{6E8BE415-7656-45BD-B73A-0162DDFBFE1E}"
EndProject
Project("{2150E333-8FDC-42A3-9474-1A3956D46DE8}") = "Tests", "Tests", "{55A0666C-FC88-42A6-A598-C5AC8CD55008}"
EndProject
Project("{9A19103F-16F7-4668-BE54-9A1E7A4F7556}") = "UserTest", "Tests\UserTest\UserTest.csproj", "{3D935A39-EED3-4D37-8ECD-D3F6DEB02B4C}"
EndProject
Project("{2150E333-8FDC-42A3-9474-1A3956D46DE8}") = "Rpc", "Rpc", "{C6B9E362-6B8A-48FE-8117-94591961E427}"
EndProject
Project("{9A19103F-16F7-4668-BE54-9A1E7A4F7556}") = "Server", "Server\Server.csproj", "{3733F499-5D09-40E8-A7D1-5006B8567FB4}"
EndProject
Project("{9A19103F-16F7-4668-BE54-9A1E7A4F7556}") = "Client", "Client\Client.csproj", "{C4D21262-6FD6-416C-8AA1-1FAB3108C563}"
EndProject
Project("{9A19103F-16F7-4668-BE54-9A1E7A4F7556}") = "RpcCommon", "RpcCommon\RpcCommon.csproj", "{800C6418-504B-4CCF-965C-79BC72594D5A}"
EndProject
Project("{9A19103F-16F7-4668-BE54-9A1E7A4F7556}") = "ApiGateway", "ApiGateway\ApiGateway.csproj", "{34BB61FA-2984-4E7B-A912-5403BBAC719F}"
EndProject
Project("{FAE04EC0-301F-11D3-BF4B-00C04F79EFBC}") = "ServiceCommon", "ServiceCommon\ServiceCommon.csproj", "{E4AFF520-01C6-4A26-859F-961E8D1EA59F}"
EndProject
Global
	GlobalSection(SolutionConfigurationPlatforms) = preSolution
		Debug|Any CPU = Debug|Any CPU
		Debug|x64 = Debug|x64
		Debug|x86 = Debug|x86
		Release|Any CPU = Release|Any CPU
		Release|x64 = Release|x64
		Release|x86 = Release|x86
	EndGlobalSection
	GlobalSection(ProjectConfigurationPlatforms) = postSolution
		{0399B991-5582-4614-8E0C-3ADF54CC6CBD}.Debug|Any CPU.ActiveCfg = Debug|Any CPU
		{0399B991-5582-4614-8E0C-3ADF54CC6CBD}.Debug|Any CPU.Build.0 = Debug|Any CPU
		{0399B991-5582-4614-8E0C-3ADF54CC6CBD}.Debug|x64.ActiveCfg = Debug|Any CPU
		{0399B991-5582-4614-8E0C-3ADF54CC6CBD}.Debug|x64.Build.0 = Debug|Any CPU
		{0399B991-5582-4614-8E0C-3ADF54CC6CBD}.Debug|x86.ActiveCfg = Debug|Any CPU
		{0399B991-5582-4614-8E0C-3ADF54CC6CBD}.Debug|x86.Build.0 = Debug|Any CPU
		{0399B991-5582-4614-8E0C-3ADF54CC6CBD}.Release|Any CPU.ActiveCfg = Release|Any CPU
		{0399B991-5582-4614-8E0C-3ADF54CC6CBD}.Release|Any CPU.Build.0 = Release|Any CPU
		{0399B991-5582-4614-8E0C-3ADF54CC6CBD}.Release|x64.ActiveCfg = Release|Any CPU
		{0399B991-5582-4614-8E0C-3ADF54CC6CBD}.Release|x64.Build.0 = Release|Any CPU
		{0399B991-5582-4614-8E0C-3ADF54CC6CBD}.Release|x86.ActiveCfg = Release|Any CPU
		{0399B991-5582-4614-8E0C-3ADF54CC6CBD}.Release|x86.Build.0 = Release|Any CPU
		{DC0936BE-ABDB-46B7-9A43-FC6B78846184}.Debug|Any CPU.ActiveCfg = Debug|Any CPU
		{DC0936BE-ABDB-46B7-9A43-FC6B78846184}.Debug|Any CPU.Build.0 = Debug|Any CPU
		{DC0936BE-ABDB-46B7-9A43-FC6B78846184}.Debug|x64.ActiveCfg = Debug|Any CPU
		{DC0936BE-ABDB-46B7-9A43-FC6B78846184}.Debug|x64.Build.0 = Debug|Any CPU
		{DC0936BE-ABDB-46B7-9A43-FC6B78846184}.Debug|x86.ActiveCfg = Debug|Any CPU
		{DC0936BE-ABDB-46B7-9A43-FC6B78846184}.Debug|x86.Build.0 = Debug|Any CPU
		{DC0936BE-ABDB-46B7-9A43-FC6B78846184}.Release|Any CPU.ActiveCfg = Release|Any CPU
		{DC0936BE-ABDB-46B7-9A43-FC6B78846184}.Release|Any CPU.Build.0 = Release|Any CPU
		{DC0936BE-ABDB-46B7-9A43-FC6B78846184}.Release|x64.ActiveCfg = Release|Any CPU
		{DC0936BE-ABDB-46B7-9A43-FC6B78846184}.Release|x64.Build.0 = Release|Any CPU
		{DC0936BE-ABDB-46B7-9A43-FC6B78846184}.Release|x86.ActiveCfg = Release|Any CPU
		{DC0936BE-ABDB-46B7-9A43-FC6B78846184}.Release|x86.Build.0 = Release|Any CPU
		{6E8BE415-7656-45BD-B73A-0162DDFBFE1E}.Debug|Any CPU.ActiveCfg = Debug|Any CPU
		{6E8BE415-7656-45BD-B73A-0162DDFBFE1E}.Debug|Any CPU.Build.0 = Debug|Any CPU
		{6E8BE415-7656-45BD-B73A-0162DDFBFE1E}.Debug|x64.ActiveCfg = Debug|Any CPU
		{6E8BE415-7656-45BD-B73A-0162DDFBFE1E}.Debug|x64.Build.0 = Debug|Any CPU
		{6E8BE415-7656-45BD-B73A-0162DDFBFE1E}.Debug|x86.ActiveCfg = Debug|Any CPU
		{6E8BE415-7656-45BD-B73A-0162DDFBFE1E}.Debug|x86.Build.0 = Debug|Any CPU
		{6E8BE415-7656-45BD-B73A-0162DDFBFE1E}.Release|Any CPU.ActiveCfg = Release|Any CPU
		{6E8BE415-7656-45BD-B73A-0162DDFBFE1E}.Release|Any CPU.Build.0 = Release|Any CPU
		{6E8BE415-7656-45BD-B73A-0162DDFBFE1E}.Release|x64.ActiveCfg = Release|Any CPU
		{6E8BE415-7656-45BD-B73A-0162DDFBFE1E}.Release|x64.Build.0 = Release|Any CPU
		{6E8BE415-7656-45BD-B73A-0162DDFBFE1E}.Release|x86.ActiveCfg = Release|Any CPU
		{6E8BE415-7656-45BD-B73A-0162DDFBFE1E}.Release|x86.Build.0 = Release|Any CPU
		{3D935A39-EED3-4D37-8ECD-D3F6DEB02B4C}.Debug|Any CPU.ActiveCfg = Debug|Any CPU
		{3D935A39-EED3-4D37-8ECD-D3F6DEB02B4C}.Debug|Any CPU.Build.0 = Debug|Any CPU
		{3D935A39-EED3-4D37-8ECD-D3F6DEB02B4C}.Debug|x64.ActiveCfg = Debug|Any CPU
		{3D935A39-EED3-4D37-8ECD-D3F6DEB02B4C}.Debug|x64.Build.0 = Debug|Any CPU
		{3D935A39-EED3-4D37-8ECD-D3F6DEB02B4C}.Debug|x86.ActiveCfg = Debug|Any CPU
		{3D935A39-EED3-4D37-8ECD-D3F6DEB02B4C}.Debug|x86.Build.0 = Debug|Any CPU
		{3D935A39-EED3-4D37-8ECD-D3F6DEB02B4C}.Release|Any CPU.ActiveCfg = Release|Any CPU
		{3D935A39-EED3-4D37-8ECD-D3F6DEB02B4C}.Release|Any CPU.Build.0 = Release|Any CPU
		{3D935A39-EED3-4D37-8ECD-D3F6DEB02B4C}.Release|x64.ActiveCfg = Release|Any CPU
		{3D935A39-EED3-4D37-8ECD-D3F6DEB02B4C}.Release|x64.Build.0 = Release|Any CPU
		{3D935A39-EED3-4D37-8ECD-D3F6DEB02B4C}.Release|x86.ActiveCfg = Release|Any CPU
		{3D935A39-EED3-4D37-8ECD-D3F6DEB02B4C}.Release|x86.Build.0 = Release|Any CPU
		{3733F499-5D09-40E8-A7D1-5006B8567FB4}.Debug|Any CPU.ActiveCfg = Debug|Any CPU
		{3733F499-5D09-40E8-A7D1-5006B8567FB4}.Debug|Any CPU.Build.0 = Debug|Any CPU
		{3733F499-5D09-40E8-A7D1-5006B8567FB4}.Debug|x64.ActiveCfg = Debug|Any CPU
		{3733F499-5D09-40E8-A7D1-5006B8567FB4}.Debug|x64.Build.0 = Debug|Any CPU
		{3733F499-5D09-40E8-A7D1-5006B8567FB4}.Debug|x86.ActiveCfg = Debug|Any CPU
		{3733F499-5D09-40E8-A7D1-5006B8567FB4}.Debug|x86.Build.0 = Debug|Any CPU
		{3733F499-5D09-40E8-A7D1-5006B8567FB4}.Release|Any CPU.ActiveCfg = Release|Any CPU
		{3733F499-5D09-40E8-A7D1-5006B8567FB4}.Release|Any CPU.Build.0 = Release|Any CPU
		{3733F499-5D09-40E8-A7D1-5006B8567FB4}.Release|x64.ActiveCfg = Release|Any CPU
		{3733F499-5D09-40E8-A7D1-5006B8567FB4}.Release|x64.Build.0 = Release|Any CPU
		{3733F499-5D09-40E8-A7D1-5006B8567FB4}.Release|x86.ActiveCfg = Release|Any CPU
		{3733F499-5D09-40E8-A7D1-5006B8567FB4}.Release|x86.Build.0 = Release|Any CPU
		{C4D21262-6FD6-416C-8AA1-1FAB3108C563}.Debug|Any CPU.ActiveCfg = Debug|Any CPU
		{C4D21262-6FD6-416C-8AA1-1FAB3108C563}.Debug|Any CPU.Build.0 = Debug|Any CPU
		{C4D21262-6FD6-416C-8AA1-1FAB3108C563}.Debug|x64.ActiveCfg = Debug|Any CPU
		{C4D21262-6FD6-416C-8AA1-1FAB3108C563}.Debug|x64.Build.0 = Debug|Any CPU
		{C4D21262-6FD6-416C-8AA1-1FAB3108C563}.Debug|x86.ActiveCfg = Debug|Any CPU
		{C4D21262-6FD6-416C-8AA1-1FAB3108C563}.Debug|x86.Build.0 = Debug|Any CPU
		{C4D21262-6FD6-416C-8AA1-1FAB3108C563}.Release|Any CPU.ActiveCfg = Release|Any CPU
		{C4D21262-6FD6-416C-8AA1-1FAB3108C563}.Release|Any CPU.Build.0 = Release|Any CPU
		{C4D21262-6FD6-416C-8AA1-1FAB3108C563}.Release|x64.ActiveCfg = Release|Any CPU
		{C4D21262-6FD6-416C-8AA1-1FAB3108C563}.Release|x64.Build.0 = Release|Any CPU
		{C4D21262-6FD6-416C-8AA1-1FAB3108C563}.Release|x86.ActiveCfg = Release|Any CPU
		{C4D21262-6FD6-416C-8AA1-1FAB3108C563}.Release|x86.Build.0 = Release|Any CPU
		{800C6418-504B-4CCF-965C-79BC72594D5A}.Debug|Any CPU.ActiveCfg = Debug|Any CPU
		{800C6418-504B-4CCF-965C-79BC72594D5A}.Debug|Any CPU.Build.0 = Debug|Any CPU
		{800C6418-504B-4CCF-965C-79BC72594D5A}.Debug|x64.ActiveCfg = Debug|Any CPU
		{800C6418-504B-4CCF-965C-79BC72594D5A}.Debug|x64.Build.0 = Debug|Any CPU
		{800C6418-504B-4CCF-965C-79BC72594D5A}.Debug|x86.ActiveCfg = Debug|Any CPU
		{800C6418-504B-4CCF-965C-79BC72594D5A}.Debug|x86.Build.0 = Debug|Any CPU
		{800C6418-504B-4CCF-965C-79BC72594D5A}.Release|Any CPU.ActiveCfg = Release|Any CPU
		{800C6418-504B-4CCF-965C-79BC72594D5A}.Release|Any CPU.Build.0 = Release|Any CPU
		{800C6418-504B-4CCF-965C-79BC72594D5A}.Release|x64.ActiveCfg = Release|Any CPU
		{800C6418-504B-4CCF-965C-79BC72594D5A}.Release|x64.Build.0 = Release|Any CPU
		{800C6418-504B-4CCF-965C-79BC72594D5A}.Release|x86.ActiveCfg = Release|Any CPU
		{800C6418-504B-4CCF-965C-79BC72594D5A}.Release|x86.Build.0 = Release|Any CPU
		{34BB61FA-2984-4E7B-A912-5403BBAC719F}.Debug|Any CPU.ActiveCfg = Debug|Any CPU
		{34BB61FA-2984-4E7B-A912-5403BBAC719F}.Debug|Any CPU.Build.0 = Debug|Any CPU
		{34BB61FA-2984-4E7B-A912-5403BBAC719F}.Debug|x64.ActiveCfg = Debug|Any CPU
		{34BB61FA-2984-4E7B-A912-5403BBAC719F}.Debug|x64.Build.0 = Debug|Any CPU
		{34BB61FA-2984-4E7B-A912-5403BBAC719F}.Debug|x86.ActiveCfg = Debug|Any CPU
		{34BB61FA-2984-4E7B-A912-5403BBAC719F}.Debug|x86.Build.0 = Debug|Any CPU
		{34BB61FA-2984-4E7B-A912-5403BBAC719F}.Release|Any CPU.ActiveCfg = Release|Any CPU
		{34BB61FA-2984-4E7B-A912-5403BBAC719F}.Release|Any CPU.Build.0 = Release|Any CPU
		{34BB61FA-2984-4E7B-A912-5403BBAC719F}.Release|x64.ActiveCfg = Release|Any CPU
		{34BB61FA-2984-4E7B-A912-5403BBAC719F}.Release|x64.Build.0 = Release|Any CPU
		{34BB61FA-2984-4E7B-A912-5403BBAC719F}.Release|x86.ActiveCfg = Release|Any CPU
		{34BB61FA-2984-4E7B-A912-5403BBAC719F}.Release|x86.Build.0 = Release|Any CPU
		{E4AFF520-01C6-4A26-859F-961E8D1EA59F}.Debug|Any CPU.ActiveCfg = Debug|Any CPU
		{E4AFF520-01C6-4A26-859F-961E8D1EA59F}.Debug|Any CPU.Build.0 = Debug|Any CPU
		{E4AFF520-01C6-4A26-859F-961E8D1EA59F}.Debug|x64.ActiveCfg = Debug|Any CPU
		{E4AFF520-01C6-4A26-859F-961E8D1EA59F}.Debug|x64.Build.0 = Debug|Any CPU
		{E4AFF520-01C6-4A26-859F-961E8D1EA59F}.Debug|x86.ActiveCfg = Debug|Any CPU
		{E4AFF520-01C6-4A26-859F-961E8D1EA59F}.Debug|x86.Build.0 = Debug|Any CPU
		{E4AFF520-01C6-4A26-859F-961E8D1EA59F}.Release|Any CPU.ActiveCfg = Release|Any CPU
		{E4AFF520-01C6-4A26-859F-961E8D1EA59F}.Release|Any CPU.Build.0 = Release|Any CPU
		{E4AFF520-01C6-4A26-859F-961E8D1EA59F}.Release|x64.ActiveCfg = Release|Any CPU
		{E4AFF520-01C6-4A26-859F-961E8D1EA59F}.Release|x64.Build.0 = Release|Any CPU
		{E4AFF520-01C6-4A26-859F-961E8D1EA59F}.Release|x86.ActiveCfg = Release|Any CPU
		{E4AFF520-01C6-4A26-859F-961E8D1EA59F}.Release|x86.Build.0 = Release|Any CPU
	EndGlobalSection
	GlobalSection(SolutionProperties) = preSolution
		HideSolutionNode = FALSE
	EndGlobalSection
	GlobalSection(NestedProjects) = preSolution
		{0399B991-5582-4614-8E0C-3ADF54CC6CBD} = {2588983B-C02E-4CBF-82B9-B3CFB03F42CE}
		{DC0936BE-ABDB-46B7-9A43-FC6B78846184} = {2588983B-C02E-4CBF-82B9-B3CFB03F42CE}
		{6E8BE415-7656-45BD-B73A-0162DDFBFE1E} = {2588983B-C02E-4CBF-82B9-B3CFB03F42CE}
		{3D935A39-EED3-4D37-8ECD-D3F6DEB02B4C} = {55A0666C-FC88-42A6-A598-C5AC8CD55008}
		{3733F499-5D09-40E8-A7D1-5006B8567FB4} = {C6B9E362-6B8A-48FE-8117-94591961E427}
		{C4D21262-6FD6-416C-8AA1-1FAB3108C563} = {C6B9E362-6B8A-48FE-8117-94591961E427}
		{800C6418-504B-4CCF-965C-79BC72594D5A} = {C6B9E362-6B8A-48FE-8117-94591961E427}
		{34BB61FA-2984-4E7B-A912-5403BBAC719F} = {2588983B-C02E-4CBF-82B9-B3CFB03F42CE}
		{E4AFF520-01C6-4A26-859F-961E8D1EA59F} = {2588983B-C02E-4CBF-82B9-B3CFB03F42CE}
	EndGlobalSection
	GlobalSection(ExtensibilityGlobals) = postSolution
		SolutionGuid = {83FBA821-0B87-44E4-811C-045DCB45B80C}
	EndGlobalSection
EndGlobal
